
Microsoft Visual Studio Solution File, Format Version 12.00
# Visual Studio Version 17
VisualStudioVersion = 17.0.31903.59
MinimumVisualStudioVersion = 10.0.40219.1
Project("{FAE04EC0-301F-11D3-BF4B-00C04F79EFBC}") = "CloverEdc.Api", "CloverEdc.Api\CloverEdc.Api.csproj", "{FACB6513-284F-4CB4-AB15-EAC1C3E282E5}"
EndProject
Project("{FAE04EC0-301F-11D3-BF4B-00C04F79EFBC}") = "CloverEdc.Business", "CloverEdc.Business\CloverEdc.Business.csproj", "{B0368189-A03A-411C-A0C9-DF1C6C806343}"
EndProject
Project("{FAE04EC0-301F-11D3-BF4B-00C04F79EFBC}") = "CloverEdc.Data", "CloverEdc.Data\CloverEdc.Data.csproj", "{DD18C313-C5FE-4C3D-97A9-9B93F224EA43}"
EndProject
Project("{FAE04EC0-301F-11D3-BF4B-00C04F79EFBC}") = "CloverEdc.Core", "CloverEdc.Core\CloverEdc.Core.csproj", "{5A785543-E37E-4284-AE24-D6068963F3EF}"
EndProject
Project("{FAE04EC0-301F-11D3-BF4B-00C04F79EFBC}") = "IntegrationTest", "IntegrationTest\IntegrationTest.csproj", "{12522E56-C1D6-4D2F-8D54-C603E77B24FB}"
EndProject
Global
	GlobalSection(SolutionConfigurationPlatforms) = preSolution
		Debug|Any CPU = Debug|Any CPU
		Release|Any CPU = Release|Any CPU
	EndGlobalSection
	GlobalSection(SolutionProperties) = preSolution
		HideSolutionNode = FALSE
	EndGlobalSection
	GlobalSection(ProjectConfigurationPlatforms) = postSolution
		{FACB6513-284F-4CB4-AB15-EAC1C3E282E5}.Debug|Any CPU.ActiveCfg = Debug|Any CPU
		{FACB6513-284F-4CB4-AB15-EAC1C3E282E5}.Debug|Any CPU.Build.0 = Debug|Any CPU
		{FACB6513-284F-4CB4-AB15-EAC1C3E282E5}.Release|Any CPU.ActiveCfg = Release|Any CPU
		{FACB6513-284F-4CB4-AB15-EAC1C3E282E5}.Release|Any CPU.Build.0 = Release|Any CPU
		{B0368189-A03A-411C-A0C9-DF1C6C806343}.Debug|Any CPU.ActiveCfg = Debug|Any CPU
		{B0368189-A03A-411C-A0C9-DF1C6C806343}.Debug|Any CPU.Build.0 = Debug|Any CPU
		{B0368189-A03A-411C-A0C9-DF1C6C806343}.Release|Any CPU.ActiveCfg = Release|Any CPU
		{B0368189-A03A-411C-A0C9-DF1C6C806343}.Release|Any CPU.Build.0 = Release|Any CPU
		{DD18C313-C5FE-4C3D-97A9-9B93F224EA43}.Debug|Any CPU.ActiveCfg = Debug|Any CPU
		{DD18C313-C5FE-4C3D-97A9-9B93F224EA43}.Debug|Any CPU.Build.0 = Debug|Any CPU
		{DD18C313-C5FE-4C3D-97A9-9B93F224EA43}.Release|Any CPU.ActiveCfg = Release|Any CPU
		{DD18C313-C5FE-4C3D-97A9-9B93F224EA43}.Release|Any CPU.Build.0 = Release|Any CPU
		{5A785543-E37E-4284-AE24-D6068963F3EF}.Debug|Any CPU.ActiveCfg = Debug|Any CPU
		{5A785543-E37E-4284-AE24-D6068963F3EF}.Debug|Any CPU.Build.0 = Debug|Any CPU
		{5A785543-E37E-4284-AE24-D6068963F3EF}.Release|Any CPU.ActiveCfg = Release|Any CPU
		{5A785543-E37E-4284-AE24-D6068963F3EF}.Release|Any CPU.Build.0 = Release|Any CPU
		{12522E56-C1D6-4D2F-8D54-C603E77B24FB}.Debug|Any CPU.ActiveCfg = Debug|Any CPU
		{12522E56-C1D6-4D2F-8D54-C603E77B24FB}.Debug|Any CPU.Build.0 = Debug|Any CPU
		{12522E56-C1D6-4D2F-8D54-C603E77B24FB}.Release|Any CPU.ActiveCfg = Release|Any CPU
		{12522E56-C1D6-4D2F-8D54-C603E77B24FB}.Release|Any CPU.Build.0 = Release|Any CPU
	EndGlobalSection
EndGlobal
